
Microsoft Visual Studio Solution File, Format Version 12.00
# Visual Studio 15
VisualStudioVersion = 15.0.28307.421
MinimumVisualStudioVersion = 10.0.40219.1
Project("{2150E333-8FDC-42A3-9474-1A3956D46DE8}") = "Solution Items", "Solution Items", "{E4017576-D488-4CE2-BF1A-436E6B806DA5}"
	ProjectSection(SolutionItems) = preProject
		..\..\Fra BB\skeleton_project\source\main.c = ..\..\Fra BB\skeleton_project\source\main.c
	EndProjectSection
EndProject
Project("{2150E333-8FDC-42A3-9474-1A3956D46DE8}") = "Header files", "Header files", "{278C3271-753C-4759-AE3A-70F1BCBA289A}"
	ProjectSection(SolutionItems) = preProject
		..\..\Fra BB\skeleton_project\source\driver\channels.h = ..\..\Fra BB\skeleton_project\source\driver\channels.h
		door.h = door.h
		..\..\Fra BB\skeleton_project\source\hardware.h = ..\..\Fra BB\skeleton_project\source\hardware.h
		..\..\Fra BB\skeleton_project\source\driver\io.h = ..\..\Fra BB\skeleton_project\source\driver\io.h
		lights.h = lights.h
		queue.h = queue.h
	EndProjectSection
EndProject
Project("{2150E333-8FDC-42A3-9474-1A3956D46DE8}") = "Code files", "Code files", "{83C6FE95-C106-4A41-9248-7B6B39044BEA}"
	ProjectSection(SolutionItems) = preProject
		door.c = door.c
		..\..\Fra BB\skeleton_project\source\driver\hardware.c = ..\..\Fra BB\skeleton_project\source\driver\hardware.c
		..\..\Fra BB\skeleton_project\source\driver\io.c = ..\..\Fra BB\skeleton_project\source\driver\io.c
		lights.c = lights.c
		queue.c = queue.c
	EndProjectSection
EndProject
Global
	GlobalSection(SolutionProperties) = preSolution
		HideSolutionNode = FALSE
	EndGlobalSection
	GlobalSection(NestedProjects) = preSolution
		{278C3271-753C-4759-AE3A-70F1BCBA289A} = {E4017576-D488-4CE2-BF1A-436E6B806DA5}
		{83C6FE95-C106-4A41-9248-7B6B39044BEA} = {E4017576-D488-4CE2-BF1A-436E6B806DA5}
	EndGlobalSection
	GlobalSection(ExtensibilityGlobals) = postSolution
		SolutionGuid = {A7EA19A3-1CBE-4D7A-BAD4-B947983978C8}
	EndGlobalSection
EndGlobal
